
Microsoft Visual Studio Solution File, Format Version 12.00
# Visual Studio 15
VisualStudioVersion = 15.0.28307.1259
MinimumVisualStudioVersion = 10.0.40219.1
Project("{FAE04EC0-301F-11D3-BF4B-00C04F79EFBC}") = "Remont", "Remont\Remont.csproj", "{405B76EF-5B96-45C6-93D0-2BFEA35D1639}"
EndProject
Global
	GlobalSection(SolutionConfigurationPlatforms) = preSolution
		Debug|Any CPU = Debug|Any CPU
		Release|Any CPU = Release|Any CPU
	EndGlobalSection
	GlobalSection(ProjectConfigurationPlatforms) = postSolution
		{405B76EF-5B96-45C6-93D0-2BFEA35D1639}.Debug|Any CPU.ActiveCfg = Debug|Any CPU
		{405B76EF-5B96-45C6-93D0-2BFEA35D1639}.Debug|Any CPU.Build.0 = Debug|Any CPU
		{405B76EF-5B96-45C6-93D0-2BFEA35D1639}.Release|Any CPU.ActiveCfg = Release|Any CPU
		{405B76EF-5B96-45C6-93D0-2BFEA35D1639}.Release|Any CPU.Build.0 = Release|Any CPU
	EndGlobalSection
	GlobalSection(SolutionProperties) = preSolution
		HideSolutionNode = FALSE
	EndGlobalSection
	GlobalSection(ExtensibilityGlobals) = postSolution
		SolutionGuid = {EC278210-79E8-4C8F-8BF2-05EAA59C2C95}
	EndGlobalSection
EndGlobal
